// !$*UTF8*$!
{
	archiveVersion = 1;
	classes = {
	};
	objectVersion = 56;
	objects = {

/* Begin PBXBuildFile section */
		C06C5F692BDD6A2C00FEE3F3 /* AppDelegate.swift in Sources */ = {isa = PBXBuildFile; fileRef = C06C5F682BDD6A2C00FEE3F3 /* AppDelegate.swift */; };
		C06C5F6B2BDD6A2C00FEE3F3 /* SceneDelegate.swift in Sources */ = {isa = PBXBuildFile; fileRef = C06C5F6A2BDD6A2C00FEE3F3 /* SceneDelegate.swift */; };
		C06C5F6D2BDD6A2C00FEE3F3 /* RMTabBarController.swift in Sources */ = {isa = PBXBuildFile; fileRef = C06C5F6C2BDD6A2C00FEE3F3 /* RMTabBarController.swift */; };
		C06C5F722BDD6A2D00FEE3F3 /* Assets.xcassets in Resources */ = {isa = PBXBuildFile; fileRef = C06C5F712BDD6A2D00FEE3F3 /* Assets.xcassets */; };
		C06C5F752BDD6A2D00FEE3F3 /* Base in Resources */ = {isa = PBXBuildFile; fileRef = C06C5F742BDD6A2D00FEE3F3 /* Base */; };
		C06C5F832BDD6E3C00FEE3F3 /* RMLocation.swift in Sources */ = {isa = PBXBuildFile; fileRef = C06C5F822BDD6E3C00FEE3F3 /* RMLocation.swift */; };
		C06C5F852BDD6E4500FEE3F3 /* RMCharacter.swift in Sources */ = {isa = PBXBuildFile; fileRef = C06C5F842BDD6E4500FEE3F3 /* RMCharacter.swift */; };
		C06C5F872BDD6E4D00FEE3F3 /* RMEpisode.swift in Sources */ = {isa = PBXBuildFile; fileRef = C06C5F862BDD6E4D00FEE3F3 /* RMEpisode.swift */; };
		C06C5F8B2BDD6F1900FEE3F3 /* RMCharacterViewController.swift in Sources */ = {isa = PBXBuildFile; fileRef = C06C5F8A2BDD6F1900FEE3F3 /* RMCharacterViewController.swift */; };
		C06C5F8D2BDD6F2200FEE3F3 /* RMLocationViewController.swift in Sources */ = {isa = PBXBuildFile; fileRef = C06C5F8C2BDD6F2200FEE3F3 /* RMLocationViewController.swift */; };
		C06C5F8F2BDD6F3E00FEE3F3 /* RMEpisodeViewController.swift in Sources */ = {isa = PBXBuildFile; fileRef = C06C5F8E2BDD6F3E00FEE3F3 /* RMEpisodeViewController.swift */; };
		C06C5F912BDD6F4B00FEE3F3 /* RMSettingsViewController.swift in Sources */ = {isa = PBXBuildFile; fileRef = C06C5F902BDD6F4B00FEE3F3 /* RMSettingsViewController.swift */; };
		C06C5F932BDD794C00FEE3F3 /* RMService.swift in Sources */ = {isa = PBXBuildFile; fileRef = C06C5F922BDD794C00FEE3F3 /* RMService.swift */; };
		C06C5F952BDD795200FEE3F3 /* RMRequest.swift in Sources */ = {isa = PBXBuildFile; fileRef = C06C5F942BDD795200FEE3F3 /* RMRequest.swift */; };
		C06C5F972BDD79E600FEE3F3 /* RMEndpoint.swift in Sources */ = {isa = PBXBuildFile; fileRef = C06C5F962BDD79E600FEE3F3 /* RMEndpoint.swift */; };
		C06C5F992BDD7D5B00FEE3F3 /* RMOrigin.swift in Sources */ = {isa = PBXBuildFile; fileRef = C06C5F982BDD7D5B00FEE3F3 /* RMOrigin.swift */; };
		C06C5F9B2BDD7DBF00FEE3F3 /* RMGender.swift in Sources */ = {isa = PBXBuildFile; fileRef = C06C5F9A2BDD7DBF00FEE3F3 /* RMGender.swift */; };
		C06C5F9F2BDD7E1D00FEE3F3 /* RMSingleLocation.swift in Sources */ = {isa = PBXBuildFile; fileRef = C06C5F9E2BDD7E1D00FEE3F3 /* RMSingleLocation.swift */; };
		C06C5FA12BDD7F2800FEE3F3 /* RMCharacterStatus.swift in Sources */ = {isa = PBXBuildFile; fileRef = C06C5FA02BDD7F2800FEE3F3 /* RMCharacterStatus.swift */; };
		C0848BF52BE78793002AAAE8 /* RMEpisodeDetailViewController.swift in Sources */ = {isa = PBXBuildFile; fileRef = C0848BF42BE78793002AAAE8 /* RMEpisodeDetailViewController.swift */; };
		C0848BF72BE7964D002AAAE8 /* RMAPICacheManager.swift in Sources */ = {isa = PBXBuildFile; fileRef = C0848BF62BE7964D002AAAE8 /* RMAPICacheManager.swift */; };
		C0848BF92BE7A1A8002AAAE8 /* RMEpisodeDetailViewViewModel.swift in Sources */ = {isa = PBXBuildFile; fileRef = C0848BF82BE7A1A8002AAAE8 /* RMEpisodeDetailViewViewModel.swift */; };
		C0848BFC2BE7A23B002AAAE8 /* RMEpisodeDetailView.swift in Sources */ = {isa = PBXBuildFile; fileRef = C0848BFB2BE7A23B002AAAE8 /* RMEpisodeDetailView.swift */; };
		C0848BFF2BE7E16E002AAAE8 /* RMEpisodeListView.swift in Sources */ = {isa = PBXBuildFile; fileRef = C0848BFE2BE7E16E002AAAE8 /* RMEpisodeListView.swift */; };
		C0848C012BE7E47C002AAAE8 /* RMEpisodeListViewViewModel.swift in Sources */ = {isa = PBXBuildFile; fileRef = C0848C002BE7E47C002AAAE8 /* RMEpisodeListViewViewModel.swift */; };
		C0848C032BE7E8F4002AAAE8 /* RMGetAllEpisodesResponse.swift in Sources */ = {isa = PBXBuildFile; fileRef = C0848C022BE7E8F4002AAAE8 /* RMGetAllEpisodesResponse.swift */; };
		C0848C052BEAA61B002AAAE8 /* RMSearchViewController.swift in Sources */ = {isa = PBXBuildFile; fileRef = C0848C042BEAA61B002AAAE8 /* RMSearchViewController.swift */; };
		C0848C082BECE75F002AAAE8 /* RMEpisodeInfoCollectionViewCell.swift in Sources */ = {isa = PBXBuildFile; fileRef = C0848C072BECE75F002AAAE8 /* RMEpisodeInfoCollectionViewCell.swift */; };
		C0848C0B2BECE7D3002AAAE8 /* RMEpisodeInfoCollectionViewCellViewModel.swift in Sources */ = {isa = PBXBuildFile; fileRef = C0848C0A2BECE7D3002AAAE8 /* RMEpisodeInfoCollectionViewCellViewModel.swift */; };
		C0848C0D2BEE86D4002AAAE8 /* RMSettingsViewViewModel.swift in Sources */ = {isa = PBXBuildFile; fileRef = C0848C0C2BEE86D4002AAAE8 /* RMSettingsViewViewModel.swift */; };
		C0848C102BEE873A002AAAE8 /* RMSettingsCellViewModel.swift in Sources */ = {isa = PBXBuildFile; fileRef = C0848C0F2BEE873A002AAAE8 /* RMSettingsCellViewModel.swift */; };
		C0848C122BEE883A002AAAE8 /* RMSettingsOption.swift in Sources */ = {isa = PBXBuildFile; fileRef = C0848C112BEE883A002AAAE8 /* RMSettingsOption.swift */; };
		C09FC9B02BDEBF590092A878 /* RMGetAllCharactersResponse.swift in Sources */ = {isa = PBXBuildFile; fileRef = C09FC9AF2BDEBF590092A878 /* RMGetAllCharactersResponse.swift */; };
		C09FC9B22BDEC6A50092A878 /* RMCharacterListViewViewModel.swift in Sources */ = {isa = PBXBuildFile; fileRef = C09FC9B12BDEC6A50092A878 /* RMCharacterListViewViewModel.swift */; };
		C09FC9B42BDEC7230092A878 /* RMCharacterListView.swift in Sources */ = {isa = PBXBuildFile; fileRef = C09FC9B32BDEC7230092A878 /* RMCharacterListView.swift */; };
		C09FC9B62BDECABC0092A878 /* Extensions.swift in Sources */ = {isa = PBXBuildFile; fileRef = C09FC9B52BDECABC0092A878 /* Extensions.swift */; };
		C09FC9B82BDF83F30092A878 /* RMCharacterCollectionViewCell.swift in Sources */ = {isa = PBXBuildFile; fileRef = C09FC9B72BDF83F30092A878 /* RMCharacterCollectionViewCell.swift */; };
		C09FC9BA2BDF854B0092A878 /* RMCharacterCollectioinViewCellViewModel.swift in Sources */ = {isa = PBXBuildFile; fileRef = C09FC9B92BDF854B0092A878 /* RMCharacterCollectioinViewCellViewModel.swift */; };
		C09FC9BD2BDFE8780092A878 /* RMCharacterDetailViewController.swift in Sources */ = {isa = PBXBuildFile; fileRef = C09FC9BC2BDFE8780092A878 /* RMCharacterDetailViewController.swift */; };
		C09FC9BF2BDFEAE10092A878 /* RMCharacterDetailView.swift in Sources */ = {isa = PBXBuildFile; fileRef = C09FC9BE2BDFEAE10092A878 /* RMCharacterDetailView.swift */; };
		C09FC9C12BDFEB100092A878 /* RMCharacterDetailViewViewModel.swift in Sources */ = {isa = PBXBuildFile; fileRef = C09FC9C02BDFEB100092A878 /* RMCharacterDetailViewViewModel.swift */; };
		C09FC9C32BDFF5EC0092A878 /* RMFooterLoadingCollectionReusableView.swift in Sources */ = {isa = PBXBuildFile; fileRef = C09FC9C22BDFF5EC0092A878 /* RMFooterLoadingCollectionReusableView.swift */; };
		C09FC9C62BE0E0100092A878 /* RMImageLoader.swift in Sources */ = {isa = PBXBuildFile; fileRef = C09FC9C52BE0E0100092A878 /* RMImageLoader.swift */; };
		C09FC9CC2BE293660092A878 /* RMCharacterPhotoCollectionViewCell.swift in Sources */ = {isa = PBXBuildFile; fileRef = C09FC9CB2BE293660092A878 /* RMCharacterPhotoCollectionViewCell.swift */; };
		C09FC9CE2BE293850092A878 /* RMCharacterInfoCollectionViewCell.swift in Sources */ = {isa = PBXBuildFile; fileRef = C09FC9CD2BE293850092A878 /* RMCharacterInfoCollectionViewCell.swift */; };
		C09FC9D02BE293A30092A878 /* RMCharacterEpisodeCollectionViewCell.swift in Sources */ = {isa = PBXBuildFile; fileRef = C09FC9CF2BE293A30092A878 /* RMCharacterEpisodeCollectionViewCell.swift */; };
		C09FC9D22BE2945C0092A878 /* RMCharacterPhotoCollectionViewCellViewModel.swift in Sources */ = {isa = PBXBuildFile; fileRef = C09FC9D12BE2945C0092A878 /* RMCharacterPhotoCollectionViewCellViewModel.swift */; };
		C09FC9D42BE294790092A878 /* RMCharacterInfoCollectionViewCellViewModel.swift in Sources */ = {isa = PBXBuildFile; fileRef = C09FC9D32BE294790092A878 /* RMCharacterInfoCollectionViewCellViewModel.swift */; };
		C09FC9D62BE2948A0092A878 /* RMCharacterEpisodeCollectionViewCellViewModel.swift in Sources */ = {isa = PBXBuildFile; fileRef = C09FC9D52BE2948A0092A878 /* RMCharacterEpisodeCollectionViewCellViewModel.swift */; };
/* End PBXBuildFile section */

/* Begin PBXFileReference section */
		C06C5F652BDD6A2C00FEE3F3 /* RickMortyMVVM.app */ = {isa = PBXFileReference; explicitFileType = wrapper.application; includeInIndex = 0; path = RickMortyMVVM.app; sourceTree = BUILT_PRODUCTS_DIR; };
		C06C5F682BDD6A2C00FEE3F3 /* AppDelegate.swift */ = {isa = PBXFileReference; lastKnownFileType = sourcecode.swift; path = AppDelegate.swift; sourceTree = "<group>"; };
		C06C5F6A2BDD6A2C00FEE3F3 /* SceneDelegate.swift */ = {isa = PBXFileReference; lastKnownFileType = sourcecode.swift; path = SceneDelegate.swift; sourceTree = "<group>"; };
		C06C5F6C2BDD6A2C00FEE3F3 /* RMTabBarController.swift */ = {isa = PBXFileReference; lastKnownFileType = sourcecode.swift; path = RMTabBarController.swift; sourceTree = "<group>"; };
		C06C5F712BDD6A2D00FEE3F3 /* Assets.xcassets */ = {isa = PBXFileReference; lastKnownFileType = folder.assetcatalog; path = Assets.xcassets; sourceTree = "<group>"; };
		C06C5F742BDD6A2D00FEE3F3 /* Base */ = {isa = PBXFileReference; lastKnownFileType = file.storyboard; name = Base; path = Base.lproj/LaunchScreen.storyboard; sourceTree = "<group>"; };
		C06C5F762BDD6A2D00FEE3F3 /* Info.plist */ = {isa = PBXFileReference; lastKnownFileType = text.plist.xml; path = Info.plist; sourceTree = "<group>"; };
		C06C5F822BDD6E3C00FEE3F3 /* RMLocation.swift */ = {isa = PBXFileReference; lastKnownFileType = sourcecode.swift; path = RMLocation.swift; sourceTree = "<group>"; };
		C06C5F842BDD6E4500FEE3F3 /* RMCharacter.swift */ = {isa = PBXFileReference; lastKnownFileType = sourcecode.swift; path = RMCharacter.swift; sourceTree = "<group>"; };
		C06C5F862BDD6E4D00FEE3F3 /* RMEpisode.swift */ = {isa = PBXFileReference; lastKnownFileType = sourcecode.swift; path = RMEpisode.swift; sourceTree = "<group>"; };
		C06C5F8A2BDD6F1900FEE3F3 /* RMCharacterViewController.swift */ = {isa = PBXFileReference; lastKnownFileType = sourcecode.swift; path = RMCharacterViewController.swift; sourceTree = "<group>"; };
		C06C5F8C2BDD6F2200FEE3F3 /* RMLocationViewController.swift */ = {isa = PBXFileReference; lastKnownFileType = sourcecode.swift; path = RMLocationViewController.swift; sourceTree = "<group>"; };
		C06C5F8E2BDD6F3E00FEE3F3 /* RMEpisodeViewController.swift */ = {isa = PBXFileReference; lastKnownFileType = sourcecode.swift; path = RMEpisodeViewController.swift; sourceTree = "<group>"; };
		C06C5F902BDD6F4B00FEE3F3 /* RMSettingsViewController.swift */ = {isa = PBXFileReference; lastKnownFileType = sourcecode.swift; path = RMSettingsViewController.swift; sourceTree = "<group>"; };
		C06C5F922BDD794C00FEE3F3 /* RMService.swift */ = {isa = PBXFileReference; lastKnownFileType = sourcecode.swift; path = RMService.swift; sourceTree = "<group>"; };
		C06C5F942BDD795200FEE3F3 /* RMRequest.swift */ = {isa = PBXFileReference; lastKnownFileType = sourcecode.swift; path = RMRequest.swift; sourceTree = "<group>"; };
		C06C5F962BDD79E600FEE3F3 /* RMEndpoint.swift */ = {isa = PBXFileReference; lastKnownFileType = sourcecode.swift; path = RMEndpoint.swift; sourceTree = "<group>"; };
		C06C5F982BDD7D5B00FEE3F3 /* RMOrigin.swift */ = {isa = PBXFileReference; lastKnownFileType = sourcecode.swift; path = RMOrigin.swift; sourceTree = "<group>"; };
		C06C5F9A2BDD7DBF00FEE3F3 /* RMGender.swift */ = {isa = PBXFileReference; lastKnownFileType = sourcecode.swift; path = RMGender.swift; sourceTree = "<group>"; };
		C06C5F9E2BDD7E1D00FEE3F3 /* RMSingleLocation.swift */ = {isa = PBXFileReference; lastKnownFileType = sourcecode.swift; path = RMSingleLocation.swift; sourceTree = "<group>"; };
		C06C5FA02BDD7F2800FEE3F3 /* RMCharacterStatus.swift */ = {isa = PBXFileReference; lastKnownFileType = sourcecode.swift; path = RMCharacterStatus.swift; sourceTree = "<group>"; };
		C0848BF42BE78793002AAAE8 /* RMEpisodeDetailViewController.swift */ = {isa = PBXFileReference; lastKnownFileType = sourcecode.swift; path = RMEpisodeDetailViewController.swift; sourceTree = "<group>"; };
		C0848BF62BE7964D002AAAE8 /* RMAPICacheManager.swift */ = {isa = PBXFileReference; lastKnownFileType = sourcecode.swift; path = RMAPICacheManager.swift; sourceTree = "<group>"; };
		C0848BF82BE7A1A8002AAAE8 /* RMEpisodeDetailViewViewModel.swift */ = {isa = PBXFileReference; lastKnownFileType = sourcecode.swift; path = RMEpisodeDetailViewViewModel.swift; sourceTree = "<group>"; };
		C0848BFB2BE7A23B002AAAE8 /* RMEpisodeDetailView.swift */ = {isa = PBXFileReference; lastKnownFileType = sourcecode.swift; path = RMEpisodeDetailView.swift; sourceTree = "<group>"; };
		C0848BFE2BE7E16E002AAAE8 /* RMEpisodeListView.swift */ = {isa = PBXFileReference; lastKnownFileType = sourcecode.swift; path = RMEpisodeListView.swift; sourceTree = "<group>"; };
		C0848C002BE7E47C002AAAE8 /* RMEpisodeListViewViewModel.swift */ = {isa = PBXFileReference; lastKnownFileType = sourcecode.swift; path = RMEpisodeListViewViewModel.swift; sourceTree = "<group>"; };
		C0848C022BE7E8F4002AAAE8 /* RMGetAllEpisodesResponse.swift */ = {isa = PBXFileReference; lastKnownFileType = sourcecode.swift; path = RMGetAllEpisodesResponse.swift; sourceTree = "<group>"; };
		C0848C042BEAA61B002AAAE8 /* RMSearchViewController.swift */ = {isa = PBXFileReference; lastKnownFileType = sourcecode.swift; path = RMSearchViewController.swift; sourceTree = "<group>"; };
		C0848C072BECE75F002AAAE8 /* RMEpisodeInfoCollectionViewCell.swift */ = {isa = PBXFileReference; lastKnownFileType = sourcecode.swift; path = RMEpisodeInfoCollectionViewCell.swift; sourceTree = "<group>"; };
		C0848C0A2BECE7D3002AAAE8 /* RMEpisodeInfoCollectionViewCellViewModel.swift */ = {isa = PBXFileReference; lastKnownFileType = sourcecode.swift; path = RMEpisodeInfoCollectionViewCellViewModel.swift; sourceTree = "<group>"; };
		C0848C0C2BEE86D4002AAAE8 /* RMSettingsViewViewModel.swift */ = {isa = PBXFileReference; lastKnownFileType = sourcecode.swift; path = RMSettingsViewViewModel.swift; sourceTree = "<group>"; };
		C0848C0F2BEE873A002AAAE8 /* RMSettingsCellViewModel.swift */ = {isa = PBXFileReference; lastKnownFileType = sourcecode.swift; path = RMSettingsCellViewModel.swift; sourceTree = "<group>"; };
		C0848C112BEE883A002AAAE8 /* RMSettingsOption.swift */ = {isa = PBXFileReference; lastKnownFileType = sourcecode.swift; path = RMSettingsOption.swift; sourceTree = "<group>"; };
		C09FC9AF2BDEBF590092A878 /* RMGetAllCharactersResponse.swift */ = {isa = PBXFileReference; lastKnownFileType = sourcecode.swift; path = RMGetAllCharactersResponse.swift; sourceTree = "<group>"; };
		C09FC9B12BDEC6A50092A878 /* RMCharacterListViewViewModel.swift */ = {isa = PBXFileReference; lastKnownFileType = sourcecode.swift; path = RMCharacterListViewViewModel.swift; sourceTree = "<group>"; };
		C09FC9B32BDEC7230092A878 /* RMCharacterListView.swift */ = {isa = PBXFileReference; lastKnownFileType = sourcecode.swift; path = RMCharacterListView.swift; sourceTree = "<group>"; };
		C09FC9B52BDECABC0092A878 /* Extensions.swift */ = {isa = PBXFileReference; lastKnownFileType = sourcecode.swift; path = Extensions.swift; sourceTree = "<group>"; };
		C09FC9B72BDF83F30092A878 /* RMCharacterCollectionViewCell.swift */ = {isa = PBXFileReference; lastKnownFileType = sourcecode.swift; path = RMCharacterCollectionViewCell.swift; sourceTree = "<group>"; };
		C09FC9B92BDF854B0092A878 /* RMCharacterCollectioinViewCellViewModel.swift */ = {isa = PBXFileReference; lastKnownFileType = sourcecode.swift; path = RMCharacterCollectioinViewCellViewModel.swift; sourceTree = "<group>"; };
		C09FC9BC2BDFE8780092A878 /* RMCharacterDetailViewController.swift */ = {isa = PBXFileReference; lastKnownFileType = sourcecode.swift; path = RMCharacterDetailViewController.swift; sourceTree = "<group>"; };
		C09FC9BE2BDFEAE10092A878 /* RMCharacterDetailView.swift */ = {isa = PBXFileReference; lastKnownFileType = sourcecode.swift; path = RMCharacterDetailView.swift; sourceTree = "<group>"; };
		C09FC9C02BDFEB100092A878 /* RMCharacterDetailViewViewModel.swift */ = {isa = PBXFileReference; lastKnownFileType = sourcecode.swift; path = RMCharacterDetailViewViewModel.swift; sourceTree = "<group>"; };
		C09FC9C22BDFF5EC0092A878 /* RMFooterLoadingCollectionReusableView.swift */ = {isa = PBXFileReference; lastKnownFileType = sourcecode.swift; path = RMFooterLoadingCollectionReusableView.swift; sourceTree = "<group>"; };
		C09FC9C52BE0E0100092A878 /* RMImageLoader.swift */ = {isa = PBXFileReference; lastKnownFileType = sourcecode.swift; path = RMImageLoader.swift; sourceTree = "<group>"; };
		C09FC9CB2BE293660092A878 /* RMCharacterPhotoCollectionViewCell.swift */ = {isa = PBXFileReference; lastKnownFileType = sourcecode.swift; path = RMCharacterPhotoCollectionViewCell.swift; sourceTree = "<group>"; };
		C09FC9CD2BE293850092A878 /* RMCharacterInfoCollectionViewCell.swift */ = {isa = PBXFileReference; lastKnownFileType = sourcecode.swift; path = RMCharacterInfoCollectionViewCell.swift; sourceTree = "<group>"; };
		C09FC9CF2BE293A30092A878 /* RMCharacterEpisodeCollectionViewCell.swift */ = {isa = PBXFileReference; lastKnownFileType = sourcecode.swift; path = RMCharacterEpisodeCollectionViewCell.swift; sourceTree = "<group>"; };
		C09FC9D12BE2945C0092A878 /* RMCharacterPhotoCollectionViewCellViewModel.swift */ = {isa = PBXFileReference; lastKnownFileType = sourcecode.swift; path = RMCharacterPhotoCollectionViewCellViewModel.swift; sourceTree = "<group>"; };
		C09FC9D32BE294790092A878 /* RMCharacterInfoCollectionViewCellViewModel.swift */ = {isa = PBXFileReference; lastKnownFileType = sourcecode.swift; path = RMCharacterInfoCollectionViewCellViewModel.swift; sourceTree = "<group>"; };
		C09FC9D52BE2948A0092A878 /* RMCharacterEpisodeCollectionViewCellViewModel.swift */ = {isa = PBXFileReference; lastKnownFileType = sourcecode.swift; path = RMCharacterEpisodeCollectionViewCellViewModel.swift; sourceTree = "<group>"; };
/* End PBXFileReference section */

/* Begin PBXFrameworksBuildPhase section */
		C06C5F622BDD6A2C00FEE3F3 /* Frameworks */ = {
			isa = PBXFrameworksBuildPhase;
			buildActionMask = 2147483647;
			files = (
			);
			runOnlyForDeploymentPostprocessing = 0;
		};
/* End PBXFrameworksBuildPhase section */

/* Begin PBXGroup section */
		C06C5F5C2BDD6A2C00FEE3F3 = {
			isa = PBXGroup;
			children = (
				C06C5F672BDD6A2C00FEE3F3 /* RickMortyMVVM */,
				C06C5F662BDD6A2C00FEE3F3 /* Products */,
			);
			sourceTree = "<group>";
		};
		C06C5F662BDD6A2C00FEE3F3 /* Products */ = {
			isa = PBXGroup;
			children = (
				C06C5F652BDD6A2C00FEE3F3 /* RickMortyMVVM.app */,
			);
			name = Products;
			sourceTree = "<group>";
		};
		C06C5F672BDD6A2C00FEE3F3 /* RickMortyMVVM */ = {
			isa = PBXGroup;
			children = (
				C06C5F882BDD6E6A00FEE3F3 /* App */,
				C06C5F7F2BDD6CCA00FEE3F3 /* ApiClient */,
				C06C5F802BDD6CDE00FEE3F3 /* Models */,
				C09FC9C42BE0DFFF0092A878 /* Managers */,
				C06C5F7E2BDD6CC000FEE3F3 /* ViewModels */,
				C0848C0E2BEE86E0002AAAE8 /* Settings */,
				C06C5F7D2BDD6CBB00FEE3F3 /* Views */,
				C06C5F7C2BDD6CB000FEE3F3 /* Controllers */,
				C06C5F812BDD6CF700FEE3F3 /* Resources */,
			);
			path = RickMortyMVVM;
			sourceTree = "<group>";
		};
		C06C5F7C2BDD6CB000FEE3F3 /* Controllers */ = {
			isa = PBXGroup;
			children = (
				C09FC9BB2BDFE7390092A878 /* Other */,
				C06C5F892BDD6EE000FEE3F3 /* Core */,
			);
			path = Controllers;
			sourceTree = "<group>";
		};
		C06C5F7D2BDD6CBB00FEE3F3 /* Views */ = {
			isa = PBXGroup;
			children = (
				C09FC9C82BE292D60092A878 /* Character */,
				C09FC9C72BE292B90092A878 /* CharacterDetail */,
				C0848BFD2BE7A3AE002AAAE8 /* Episode */,
				C0848C062BECE747002AAAE8 /* EpisodeDetail */,
				C0848BF32BE7855B002AAAE8 /* Footer */,
			);
			path = Views;
			sourceTree = "<group>";
		};
		C06C5F7E2BDD6CC000FEE3F3 /* ViewModels */ = {
			isa = PBXGroup;
			children = (
				C09FC9C92BE292F90092A878 /* Character */,
				C09FC9CA2BE293170092A878 /* CharacterDetail */,
				C0848BFA2BE7A20E002AAAE8 /* Episode */,
				C0848C092BECE7A0002AAAE8 /* EpisodeDetail */,
			);
			path = ViewModels;
			sourceTree = "<group>";
		};
		C06C5F7F2BDD6CCA00FEE3F3 /* ApiClient */ = {
			isa = PBXGroup;
			children = (
				C06C5F922BDD794C00FEE3F3 /* RMService.swift */,
				C06C5F942BDD795200FEE3F3 /* RMRequest.swift */,
				C06C5F962BDD79E600FEE3F3 /* RMEndpoint.swift */,
			);
			path = ApiClient;
			sourceTree = "<group>";
		};
		C06C5F802BDD6CDE00FEE3F3 /* Models */ = {
			isa = PBXGroup;
			children = (
				C09FC9AE2BDEBF310092A878 /* APIResponseTypes */,
				C09FC9AD2BDEBF250092A878 /* DataTypes */,
			);
			path = Models;
			sourceTree = "<group>";
		};
		C06C5F812BDD6CF700FEE3F3 /* Resources */ = {
			isa = PBXGroup;
			children = (
				C06C5F762BDD6A2D00FEE3F3 /* Info.plist */,
				C06C5F712BDD6A2D00FEE3F3 /* Assets.xcassets */,
				C06C5F732BDD6A2D00FEE3F3 /* LaunchScreen.storyboard */,
				C09FC9B52BDECABC0092A878 /* Extensions.swift */,
			);
			path = Resources;
			sourceTree = "<group>";
		};
		C06C5F882BDD6E6A00FEE3F3 /* App */ = {
			isa = PBXGroup;
			children = (
				C06C5F682BDD6A2C00FEE3F3 /* AppDelegate.swift */,
				C06C5F6A2BDD6A2C00FEE3F3 /* SceneDelegate.swift */,
			);
			path = App;
			sourceTree = "<group>";
		};
		C06C5F892BDD6EE000FEE3F3 /* Core */ = {
			isa = PBXGroup;
			children = (
				C06C5F6C2BDD6A2C00FEE3F3 /* RMTabBarController.swift */,
				C06C5F8A2BDD6F1900FEE3F3 /* RMCharacterViewController.swift */,
				C06C5F8C2BDD6F2200FEE3F3 /* RMLocationViewController.swift */,
				C06C5F8E2BDD6F3E00FEE3F3 /* RMEpisodeViewController.swift */,
				C06C5F902BDD6F4B00FEE3F3 /* RMSettingsViewController.swift */,
			);
			path = Core;
			sourceTree = "<group>";
		};
		C0848BF32BE7855B002AAAE8 /* Footer */ = {
			isa = PBXGroup;
			children = (
				C09FC9C22BDFF5EC0092A878 /* RMFooterLoadingCollectionReusableView.swift */,
			);
			path = Footer;
			sourceTree = "<group>";
		};
		C0848BFA2BE7A20E002AAAE8 /* Episode */ = {
			isa = PBXGroup;
			children = (
				C0848C002BE7E47C002AAAE8 /* RMEpisodeListViewViewModel.swift */,
			);
			path = Episode;
			sourceTree = "<group>";
		};
		C0848BFD2BE7A3AE002AAAE8 /* Episode */ = {
			isa = PBXGroup;
			children = (
				C0848BFB2BE7A23B002AAAE8 /* RMEpisodeDetailView.swift */,
				C0848BFE2BE7E16E002AAAE8 /* RMEpisodeListView.swift */,
			);
			path = Episode;
			sourceTree = "<group>";
		};
		C0848C062BECE747002AAAE8 /* EpisodeDetail */ = {
			isa = PBXGroup;
			children = (
				C0848C072BECE75F002AAAE8 /* RMEpisodeInfoCollectionViewCell.swift */,
			);
			path = EpisodeDetail;
			sourceTree = "<group>";
		};
		C0848C092BECE7A0002AAAE8 /* EpisodeDetail */ = {
			isa = PBXGroup;
			children = (
				C0848BF82BE7A1A8002AAAE8 /* RMEpisodeDetailViewViewModel.swift */,
				C0848C0A2BECE7D3002AAAE8 /* RMEpisodeInfoCollectionViewCellViewModel.swift */,
			);
			path = EpisodeDetail;
			sourceTree = "<group>";
		};
		C0848C0E2BEE86E0002AAAE8 /* Settings */ = {
			isa = PBXGroup;
			children = (
				C0848C0C2BEE86D4002AAAE8 /* RMSettingsViewViewModel.swift */,
				C0848C0F2BEE873A002AAAE8 /* RMSettingsCellViewModel.swift */,
				C0848C112BEE883A002AAAE8 /* RMSettingsOption.swift */,
			);
			path = Settings;
			sourceTree = "<group>";
		};
		C09FC9AD2BDEBF250092A878 /* DataTypes */ = {
			isa = PBXGroup;
			children = (
				C06C5F842BDD6E4500FEE3F3 /* RMCharacter.swift */,
				C06C5FA02BDD7F2800FEE3F3 /* RMCharacterStatus.swift */,
				C06C5F822BDD6E3C00FEE3F3 /* RMLocation.swift */,
				C06C5F9E2BDD7E1D00FEE3F3 /* RMSingleLocation.swift */,
				C06C5F9A2BDD7DBF00FEE3F3 /* RMGender.swift */,
				C06C5F982BDD7D5B00FEE3F3 /* RMOrigin.swift */,
				C06C5F862BDD6E4D00FEE3F3 /* RMEpisode.swift */,
			);
			path = DataTypes;
			sourceTree = "<group>";
		};
		C09FC9AE2BDEBF310092A878 /* APIResponseTypes */ = {
			isa = PBXGroup;
			children = (
				C09FC9AF2BDEBF590092A878 /* RMGetAllCharactersResponse.swift */,
				C0848C022BE7E8F4002AAAE8 /* RMGetAllEpisodesResponse.swift */,
			);
			path = APIResponseTypes;
			sourceTree = "<group>";
		};
		C09FC9BB2BDFE7390092A878 /* Other */ = {
			isa = PBXGroup;
			children = (
				C09FC9BC2BDFE8780092A878 /* RMCharacterDetailViewController.swift */,
				C0848BF42BE78793002AAAE8 /* RMEpisodeDetailViewController.swift */,
				C0848C042BEAA61B002AAAE8 /* RMSearchViewController.swift */,
			);
			path = Other;
			sourceTree = "<group>";
		};
		C09FC9C42BE0DFFF0092A878 /* Managers */ = {
			isa = PBXGroup;
			children = (
				C09FC9C52BE0E0100092A878 /* RMImageLoader.swift */,
				C0848BF62BE7964D002AAAE8 /* RMAPICacheManager.swift */,
			);
			path = Managers;
			sourceTree = "<group>";
		};
		C09FC9C72BE292B90092A878 /* CharacterDetail */ = {
			isa = PBXGroup;
			children = (
				C09FC9BE2BDFEAE10092A878 /* RMCharacterDetailView.swift */,
				C09FC9CB2BE293660092A878 /* RMCharacterPhotoCollectionViewCell.swift */,
				C09FC9CD2BE293850092A878 /* RMCharacterInfoCollectionViewCell.swift */,
				C09FC9CF2BE293A30092A878 /* RMCharacterEpisodeCollectionViewCell.swift */,
			);
			path = CharacterDetail;
			sourceTree = "<group>";
		};
		C09FC9C82BE292D60092A878 /* Character */ = {
			isa = PBXGroup;
			children = (
				C09FC9B32BDEC7230092A878 /* RMCharacterListView.swift */,
				C09FC9B72BDF83F30092A878 /* RMCharacterCollectionViewCell.swift */,
			);
			path = Character;
			sourceTree = "<group>";
		};
		C09FC9C92BE292F90092A878 /* Character */ = {
			isa = PBXGroup;
			children = (
				C09FC9B12BDEC6A50092A878 /* RMCharacterListViewViewModel.swift */,
				C09FC9B92BDF854B0092A878 /* RMCharacterCollectioinViewCellViewModel.swift */,
			);
			path = Character;
			sourceTree = "<group>";
		};
		C09FC9CA2BE293170092A878 /* CharacterDetail */ = {
			isa = PBXGroup;
			children = (
				C09FC9C02BDFEB100092A878 /* RMCharacterDetailViewViewModel.swift */,
				C09FC9D12BE2945C0092A878 /* RMCharacterPhotoCollectionViewCellViewModel.swift */,
				C09FC9D32BE294790092A878 /* RMCharacterInfoCollectionViewCellViewModel.swift */,
				C09FC9D52BE2948A0092A878 /* RMCharacterEpisodeCollectionViewCellViewModel.swift */,
			);
			path = CharacterDetail;
			sourceTree = "<group>";
		};
/* End PBXGroup section */

/* Begin PBXNativeTarget section */
		C06C5F642BDD6A2C00FEE3F3 /* RickMortyMVVM */ = {
			isa = PBXNativeTarget;
			buildConfigurationList = C06C5F792BDD6A2D00FEE3F3 /* Build configuration list for PBXNativeTarget "RickMortyMVVM" */;
			buildPhases = (
				C06C5F612BDD6A2C00FEE3F3 /* Sources */,
				C06C5F622BDD6A2C00FEE3F3 /* Frameworks */,
				C06C5F632BDD6A2C00FEE3F3 /* Resources */,
			);
			buildRules = (
			);
			dependencies = (
			);
			name = RickMortyMVVM;
			productName = RickMortyMVVM;
			productReference = C06C5F652BDD6A2C00FEE3F3 /* RickMortyMVVM.app */;
			productType = "com.apple.product-type.application";
		};
/* End PBXNativeTarget section */

/* Begin PBXProject section */
		C06C5F5D2BDD6A2C00FEE3F3 /* Project object */ = {
			isa = PBXProject;
			attributes = {
				BuildIndependentTargetsInParallel = 1;
				LastSwiftUpdateCheck = 1530;
				LastUpgradeCheck = 1530;
				TargetAttributes = {
					C06C5F642BDD6A2C00FEE3F3 = {
						CreatedOnToolsVersion = 15.3;
					};
				};
			};
			buildConfigurationList = C06C5F602BDD6A2C00FEE3F3 /* Build configuration list for PBXProject "RickMortyMVVM" */;
			compatibilityVersion = "Xcode 14.0";
			developmentRegion = en;
			hasScannedForEncodings = 0;
			knownRegions = (
				en,
				Base,
			);
			mainGroup = C06C5F5C2BDD6A2C00FEE3F3;
			productRefGroup = C06C5F662BDD6A2C00FEE3F3 /* Products */;
			projectDirPath = "";
			projectRoot = "";
			targets = (
				C06C5F642BDD6A2C00FEE3F3 /* RickMortyMVVM */,
			);
		};
/* End PBXProject section */

/* Begin PBXResourcesBuildPhase section */
		C06C5F632BDD6A2C00FEE3F3 /* Resources */ = {
			isa = PBXResourcesBuildPhase;
			buildActionMask = 2147483647;
			files = (
				C06C5F722BDD6A2D00FEE3F3 /* Assets.xcassets in Resources */,
				C06C5F752BDD6A2D00FEE3F3 /* Base in Resources */,
			);
			runOnlyForDeploymentPostprocessing = 0;
		};
/* End PBXResourcesBuildPhase section */

/* Begin PBXSourcesBuildPhase section */
		C06C5F612BDD6A2C00FEE3F3 /* Sources */ = {
			isa = PBXSourcesBuildPhase;
			buildActionMask = 2147483647;
			files = (
				C09FC9BA2BDF854B0092A878 /* RMCharacterCollectioinViewCellViewModel.swift in Sources */,
				C09FC9C12BDFEB100092A878 /* RMCharacterDetailViewViewModel.swift in Sources */,
				C06C5F992BDD7D5B00FEE3F3 /* RMOrigin.swift in Sources */,
				C0848C052BEAA61B002AAAE8 /* RMSearchViewController.swift in Sources */,
				C06C5F8D2BDD6F2200FEE3F3 /* RMLocationViewController.swift in Sources */,
				C09FC9B42BDEC7230092A878 /* RMCharacterListView.swift in Sources */,
				C09FC9B02BDEBF590092A878 /* RMGetAllCharactersResponse.swift in Sources */,
				C06C5F9B2BDD7DBF00FEE3F3 /* RMGender.swift in Sources */,
				C09FC9BD2BDFE8780092A878 /* RMCharacterDetailViewController.swift in Sources */,
				C09FC9C32BDFF5EC0092A878 /* RMFooterLoadingCollectionReusableView.swift in Sources */,
				C0848BFF2BE7E16E002AAAE8 /* RMEpisodeListView.swift in Sources */,
				C06C5F872BDD6E4D00FEE3F3 /* RMEpisode.swift in Sources */,
				C06C5F6D2BDD6A2C00FEE3F3 /* RMTabBarController.swift in Sources */,
				C09FC9CE2BE293850092A878 /* RMCharacterInfoCollectionViewCell.swift in Sources */,
				C0848C0D2BEE86D4002AAAE8 /* RMSettingsViewViewModel.swift in Sources */,
				C06C5F8F2BDD6F3E00FEE3F3 /* RMEpisodeViewController.swift in Sources */,
				C06C5F692BDD6A2C00FEE3F3 /* AppDelegate.swift in Sources */,
				C09FC9D42BE294790092A878 /* RMCharacterInfoCollectionViewCellViewModel.swift in Sources */,
				C0848C122BEE883A002AAAE8 /* RMSettingsOption.swift in Sources */,
				C06C5F852BDD6E4500FEE3F3 /* RMCharacter.swift in Sources */,
				C09FC9C62BE0E0100092A878 /* RMImageLoader.swift in Sources */,
				C0848C082BECE75F002AAAE8 /* RMEpisodeInfoCollectionViewCell.swift in Sources */,
				C06C5F912BDD6F4B00FEE3F3 /* RMSettingsViewController.swift in Sources */,
				C06C5FA12BDD7F2800FEE3F3 /* RMCharacterStatus.swift in Sources */,
				C09FC9CC2BE293660092A878 /* RMCharacterPhotoCollectionViewCell.swift in Sources */,
				C09FC9D62BE2948A0092A878 /* RMCharacterEpisodeCollectionViewCellViewModel.swift in Sources */,
				C06C5F932BDD794C00FEE3F3 /* RMService.swift in Sources */,
				C09FC9B82BDF83F30092A878 /* RMCharacterCollectionViewCell.swift in Sources */,
				C09FC9D22BE2945C0092A878 /* RMCharacterPhotoCollectionViewCellViewModel.swift in Sources */,
				C09FC9B62BDECABC0092A878 /* Extensions.swift in Sources */,
				C0848C102BEE873A002AAAE8 /* RMSettingsCellViewModel.swift in Sources */,
				C06C5F6B2BDD6A2C00FEE3F3 /* SceneDelegate.swift in Sources */,
				C06C5F9F2BDD7E1D00FEE3F3 /* RMSingleLocation.swift in Sources */,
				C0848BF52BE78793002AAAE8 /* RMEpisodeDetailViewController.swift in Sources */,
				C0848BFC2BE7A23B002AAAE8 /* RMEpisodeDetailView.swift in Sources */,
				C06C5F972BDD79E600FEE3F3 /* RMEndpoint.swift in Sources */,
				C06C5F832BDD6E3C00FEE3F3 /* RMLocation.swift in Sources */,
				C06C5F952BDD795200FEE3F3 /* RMRequest.swift in Sources */,
				C09FC9B22BDEC6A50092A878 /* RMCharacterListViewViewModel.swift in Sources */,
				C09FC9D02BE293A30092A878 /* RMCharacterEpisodeCollectionViewCell.swift in Sources */,
				C06C5F8B2BDD6F1900FEE3F3 /* RMCharacterViewController.swift in Sources */,
				C0848C012BE7E47C002AAAE8 /* RMEpisodeListViewViewModel.swift in Sources */,
				C0848BF72BE7964D002AAAE8 /* RMAPICacheManager.swift in Sources */,
				C0848C0B2BECE7D3002AAAE8 /* RMEpisodeInfoCollectionViewCellViewModel.swift in Sources */,
				C0848C032BE7E8F4002AAAE8 /* RMGetAllEpisodesResponse.swift in Sources */,
				C0848BF92BE7A1A8002AAAE8 /* RMEpisodeDetailViewViewModel.swift in Sources */,
				C09FC9BF2BDFEAE10092A878 /* RMCharacterDetailView.swift in Sources */,
			);
			runOnlyForDeploymentPostprocessing = 0;
		};
/* End PBXSourcesBuildPhase section */

/* Begin PBXVariantGroup section */
		C06C5F732BDD6A2D00FEE3F3 /* LaunchScreen.storyboard */ = {
			isa = PBXVariantGroup;
			children = (
				C06C5F742BDD6A2D00FEE3F3 /* Base */,
			);
			name = LaunchScreen.storyboard;
			sourceTree = "<group>";
		};
/* End PBXVariantGroup section */

/* Begin XCBuildConfiguration section */
		C06C5F772BDD6A2D00FEE3F3 /* Debug */ = {
			isa = XCBuildConfiguration;
			buildSettings = {
				ALWAYS_SEARCH_USER_PATHS = NO;
				ASSETCATALOG_COMPILER_GENERATE_SWIFT_ASSET_SYMBOL_EXTENSIONS = YES;
				CLANG_ANALYZER_NONNULL = YES;
				CLANG_ANALYZER_NUMBER_OBJECT_CONVERSION = YES_AGGRESSIVE;
				CLANG_CXX_LANGUAGE_STANDARD = "gnu++20";
				CLANG_ENABLE_MODULES = YES;
				CLANG_ENABLE_OBJC_ARC = YES;
				CLANG_ENABLE_OBJC_WEAK = YES;
				CLANG_WARN_BLOCK_CAPTURE_AUTORELEASING = YES;
				CLANG_WARN_BOOL_CONVERSION = YES;
				CLANG_WARN_COMMA = YES;
				CLANG_WARN_CONSTANT_CONVERSION = YES;
				CLANG_WARN_DEPRECATED_OBJC_IMPLEMENTATIONS = YES;
				CLANG_WARN_DIRECT_OBJC_ISA_USAGE = YES_ERROR;
				CLANG_WARN_DOCUMENTATION_COMMENTS = YES;
				CLANG_WARN_EMPTY_BODY = YES;
				CLANG_WARN_ENUM_CONVERSION = YES;
				CLANG_WARN_INFINITE_RECURSION = YES;
				CLANG_WARN_INT_CONVERSION = YES;
				CLANG_WARN_NON_LITERAL_NULL_CONVERSION = YES;
				CLANG_WARN_OBJC_IMPLICIT_RETAIN_SELF = YES;
				CLANG_WARN_OBJC_LITERAL_CONVERSION = YES;
				CLANG_WARN_OBJC_ROOT_CLASS = YES_ERROR;
				CLANG_WARN_QUOTED_INCLUDE_IN_FRAMEWORK_HEADER = YES;
				CLANG_WARN_RANGE_LOOP_ANALYSIS = YES;
				CLANG_WARN_STRICT_PROTOTYPES = YES;
				CLANG_WARN_SUSPICIOUS_MOVE = YES;
				CLANG_WARN_UNGUARDED_AVAILABILITY = YES_AGGRESSIVE;
				CLANG_WARN_UNREACHABLE_CODE = YES;
				CLANG_WARN__DUPLICATE_METHOD_MATCH = YES;
				COPY_PHASE_STRIP = NO;
				DEBUG_INFORMATION_FORMAT = dwarf;
				ENABLE_STRICT_OBJC_MSGSEND = YES;
				ENABLE_TESTABILITY = YES;
				ENABLE_USER_SCRIPT_SANDBOXING = YES;
				GCC_C_LANGUAGE_STANDARD = gnu17;
				GCC_DYNAMIC_NO_PIC = NO;
				GCC_NO_COMMON_BLOCKS = YES;
				GCC_OPTIMIZATION_LEVEL = 0;
				GCC_PREPROCESSOR_DEFINITIONS = (
					"DEBUG=1",
					"$(inherited)",
				);
				GCC_WARN_64_TO_32_BIT_CONVERSION = YES;
				GCC_WARN_ABOUT_RETURN_TYPE = YES_ERROR;
				GCC_WARN_UNDECLARED_SELECTOR = YES;
				GCC_WARN_UNINITIALIZED_AUTOS = YES_AGGRESSIVE;
				GCC_WARN_UNUSED_FUNCTION = YES;
				GCC_WARN_UNUSED_VARIABLE = YES;
				IPHONEOS_DEPLOYMENT_TARGET = 17.4;
				LOCALIZATION_PREFERS_STRING_CATALOGS = YES;
				MTL_ENABLE_DEBUG_INFO = INCLUDE_SOURCE;
				MTL_FAST_MATH = YES;
				ONLY_ACTIVE_ARCH = YES;
				SDKROOT = iphoneos;
				SWIFT_ACTIVE_COMPILATION_CONDITIONS = "DEBUG $(inherited)";
				SWIFT_OPTIMIZATION_LEVEL = "-Onone";
			};
			name = Debug;
		};
		C06C5F782BDD6A2D00FEE3F3 /* Release */ = {
			isa = XCBuildConfiguration;
			buildSettings = {
				ALWAYS_SEARCH_USER_PATHS = NO;
				ASSETCATALOG_COMPILER_GENERATE_SWIFT_ASSET_SYMBOL_EXTENSIONS = YES;
				CLANG_ANALYZER_NONNULL = YES;
				CLANG_ANALYZER_NUMBER_OBJECT_CONVERSION = YES_AGGRESSIVE;
				CLANG_CXX_LANGUAGE_STANDARD = "gnu++20";
				CLANG_ENABLE_MODULES = YES;
				CLANG_ENABLE_OBJC_ARC = YES;
				CLANG_ENABLE_OBJC_WEAK = YES;
				CLANG_WARN_BLOCK_CAPTURE_AUTORELEASING = YES;
				CLANG_WARN_BOOL_CONVERSION = YES;
				CLANG_WARN_COMMA = YES;
				CLANG_WARN_CONSTANT_CONVERSION = YES;
				CLANG_WARN_DEPRECATED_OBJC_IMPLEMENTATIONS = YES;
				CLANG_WARN_DIRECT_OBJC_ISA_USAGE = YES_ERROR;
				CLANG_WARN_DOCUMENTATION_COMMENTS = YES;
				CLANG_WARN_EMPTY_BODY = YES;
				CLANG_WARN_ENUM_CONVERSION = YES;
				CLANG_WARN_INFINITE_RECURSION = YES;
				CLANG_WARN_INT_CONVERSION = YES;
				CLANG_WARN_NON_LITERAL_NULL_CONVERSION = YES;
				CLANG_WARN_OBJC_IMPLICIT_RETAIN_SELF = YES;
				CLANG_WARN_OBJC_LITERAL_CONVERSION = YES;
				CLANG_WARN_OBJC_ROOT_CLASS = YES_ERROR;
				CLANG_WARN_QUOTED_INCLUDE_IN_FRAMEWORK_HEADER = YES;
				CLANG_WARN_RANGE_LOOP_ANALYSIS = YES;
				CLANG_WARN_STRICT_PROTOTYPES = YES;
				CLANG_WARN_SUSPICIOUS_MOVE = YES;
				CLANG_WARN_UNGUARDED_AVAILABILITY = YES_AGGRESSIVE;
				CLANG_WARN_UNREACHABLE_CODE = YES;
				CLANG_WARN__DUPLICATE_METHOD_MATCH = YES;
				COPY_PHASE_STRIP = NO;
				DEBUG_INFORMATION_FORMAT = "dwarf-with-dsym";
				ENABLE_NS_ASSERTIONS = NO;
				ENABLE_STRICT_OBJC_MSGSEND = YES;
				ENABLE_USER_SCRIPT_SANDBOXING = YES;
				GCC_C_LANGUAGE_STANDARD = gnu17;
				GCC_NO_COMMON_BLOCKS = YES;
				GCC_WARN_64_TO_32_BIT_CONVERSION = YES;
				GCC_WARN_ABOUT_RETURN_TYPE = YES_ERROR;
				GCC_WARN_UNDECLARED_SELECTOR = YES;
				GCC_WARN_UNINITIALIZED_AUTOS = YES_AGGRESSIVE;
				GCC_WARN_UNUSED_FUNCTION = YES;
				GCC_WARN_UNUSED_VARIABLE = YES;
				IPHONEOS_DEPLOYMENT_TARGET = 17.4;
				LOCALIZATION_PREFERS_STRING_CATALOGS = YES;
				MTL_ENABLE_DEBUG_INFO = NO;
				MTL_FAST_MATH = YES;
				SDKROOT = iphoneos;
				SWIFT_COMPILATION_MODE = wholemodule;
				VALIDATE_PRODUCT = YES;
			};
			name = Release;
		};
		C06C5F7A2BDD6A2D00FEE3F3 /* Debug */ = {
			isa = XCBuildConfiguration;
			buildSettings = {
				ASSETCATALOG_COMPILER_APPICON_NAME = AppIcon;
				ASSETCATALOG_COMPILER_GLOBAL_ACCENT_COLOR_NAME = AccentColor;
				CODE_SIGN_STYLE = Automatic;
				CURRENT_PROJECT_VERSION = 1;
				DEVELOPMENT_TEAM = C6YBX2MCPS;
				GENERATE_INFOPLIST_FILE = YES;
				INFOPLIST_FILE = RickMortyMVVM/Resources/Info.plist/;
				INFOPLIST_KEY_UIApplicationSupportsIndirectInputEvents = YES;
				INFOPLIST_KEY_UILaunchStoryboardName = LaunchScreen;
				INFOPLIST_KEY_UISupportedInterfaceOrientations_iPad = "UIInterfaceOrientationPortrait UIInterfaceOrientationPortraitUpsideDown UIInterfaceOrientationLandscapeLeft UIInterfaceOrientationLandscapeRight";
				INFOPLIST_KEY_UISupportedInterfaceOrientations_iPhone = "UIInterfaceOrientationPortrait UIInterfaceOrientationLandscapeLeft UIInterfaceOrientationLandscapeRight";
				LD_RUNPATH_SEARCH_PATHS = (
					"$(inherited)",
					"@executable_path/Frameworks",
				);
				MARKETING_VERSION = 1.0;
				PRODUCT_BUNDLE_IDENTIFIER = com.RickMortyMVVM;
				PRODUCT_NAME = "$(TARGET_NAME)";
				SWIFT_EMIT_LOC_STRINGS = YES;
				SWIFT_VERSION = 5.0;
				TARGETED_DEVICE_FAMILY = "1,2";
			};
			name = Debug;
		};
		C06C5F7B2BDD6A2D00FEE3F3 /* Release */ = {
			isa = XCBuildConfiguration;
			buildSettings = {
				ASSETCATALOG_COMPILER_APPICON_NAME = AppIcon;
				ASSETCATALOG_COMPILER_GLOBAL_ACCENT_COLOR_NAME = AccentColor;
				CODE_SIGN_STYLE = Automatic;
				CURRENT_PROJECT_VERSION = 1;
				DEVELOPMENT_TEAM = C6YBX2MCPS;
				GENERATE_INFOPLIST_FILE = YES;
				INFOPLIST_FILE = RickMortyMVVM/Resources/Info.plist/;
				INFOPLIST_KEY_UIApplicationSupportsIndirectInputEvents = YES;
				INFOPLIST_KEY_UILaunchStoryboardName = LaunchScreen;
				INFOPLIST_KEY_UISupportedInterfaceOrientations_iPad = "UIInterfaceOrientationPortrait UIInterfaceOrientationPortraitUpsideDown UIInterfaceOrientationLandscapeLeft UIInterfaceOrientationLandscapeRight";
				INFOPLIST_KEY_UISupportedInterfaceOrientations_iPhone = "UIInterfaceOrientationPortrait UIInterfaceOrientationLandscapeLeft UIInterfaceOrientationLandscapeRight";
				LD_RUNPATH_SEARCH_PATHS = (
					"$(inherited)",
					"@executable_path/Frameworks",
				);
				MARKETING_VERSION = 1.0;
				PRODUCT_BUNDLE_IDENTIFIER = com.RickMortyMVVM;
				PRODUCT_NAME = "$(TARGET_NAME)";
				SWIFT_EMIT_LOC_STRINGS = YES;
				SWIFT_VERSION = 5.0;
				TARGETED_DEVICE_FAMILY = "1,2";
			};
			name = Release;
		};
/* End XCBuildConfiguration section */

/* Begin XCConfigurationList section */
		C06C5F602BDD6A2C00FEE3F3 /* Build configuration list for PBXProject "RickMortyMVVM" */ = {
			isa = XCConfigurationList;
			buildConfigurations = (
				C06C5F772BDD6A2D00FEE3F3 /* Debug */,
				C06C5F782BDD6A2D00FEE3F3 /* Release */,
			);
			defaultConfigurationIsVisible = 0;
			defaultConfigurationName = Release;
		};
		C06C5F792BDD6A2D00FEE3F3 /* Build configuration list for PBXNativeTarget "RickMortyMVVM" */ = {
			isa = XCConfigurationList;
			buildConfigurations = (
				C06C5F7A2BDD6A2D00FEE3F3 /* Debug */,
				C06C5F7B2BDD6A2D00FEE3F3 /* Release */,
			);
			defaultConfigurationIsVisible = 0;
			defaultConfigurationName = Release;
		};
/* End XCConfigurationList section */
	};
	rootObject = C06C5F5D2BDD6A2C00FEE3F3 /* Project object */;
}
